
Microsoft Visual Studio Solution File, Format Version 12.00
# Visual Studio Version 17
VisualStudioVersion = 17.4.33213.308
MinimumVisualStudioVersion = 10.0.40219.1
Project("{FAE04EC0-301F-11D3-BF4B-00C04F79EFBC}") = "ADODemo", "ADODemo\ADODemo.csproj", "{6672DB6C-2BC5-406B-BD6C-B73FEC25F32D}"
EndProject
Global
	GlobalSection(SolutionConfigurationPlatforms) = preSolution
		Debug|Any CPU = Debug|Any CPU
		Release|Any CPU = Release|Any CPU
	EndGlobalSection
	GlobalSection(ProjectConfigurationPlatforms) = postSolution
		{6672DB6C-2BC5-406B-BD6C-B73FEC25F32D}.Debug|Any CPU.ActiveCfg = Debug|Any CPU
		{6672DB6C-2BC5-406B-BD6C-B73FEC25F32D}.Debug|Any CPU.Build.0 = Debug|Any CPU
		{6672DB6C-2BC5-406B-BD6C-B73FEC25F32D}.Release|Any CPU.ActiveCfg = Release|Any CPU
		{6672DB6C-2BC5-406B-BD6C-B73FEC25F32D}.Release|Any CPU.Build.0 = Release|Any CPU
	EndGlobalSection
	GlobalSection(SolutionProperties) = preSolution
		HideSolutionNode = FALSE
	EndGlobalSection
	GlobalSection(ExtensibilityGlobals) = postSolution
		SolutionGuid = {CE8ADEC2-FAA6-4637-A5D1-D562718F2256}
	EndGlobalSection
EndGlobal
